Microsoft Visual Studio Solution File, Format Version 12.00
# Visual Studio 15
VisualStudioVersion = 15.0.28307.572
MinimumVisualStudioVersion = 10.0.40219.1
Project("{8BC9CEB8-8B4A-11D0-8D11-00A0C91BC942}") = "dxfrw", "libraries\libdxfrw\dxfrw.vcxproj", "{1ED78D91-519A-3F78-80B4-BD454DC4B9A4}"
EndProject
Project("{8BC9CEB8-8B4A-11D0-8D11-00A0C91BC942}") = "jwwlib", "libraries\jwwlib\jwwlib.vcxproj", "{3E2DCA2C-523E-3386-812D-481CAB5A832E}"
EndProject
Project("{8BC9CEB8-8B4A-11D0-8D11-00A0C91BC942}") = "muparser", "libraries\muparser\muparser.vcxproj", "{9B7D7EBD-B85B-3055-9279-FEE968702ABC}"
EndProject
Project("{8BC9CEB8-8B4A-11D0-8D11-00A0C91BC942}") = "LibreCAD", "librecad\src\LibreCAD.vcxproj", "{A7AEDB4F-BBB8-3CA9-834A-65315DA9F91C}"
	ProjectSection(ProjectDependencies) = postProject
		{9B7D7EBD-B85B-3055-9279-FEE968702ABC} = {9B7D7EBD-B85B-3055-9279-FEE968702ABC}
		{1ED78D91-519A-3F78-80B4-BD454DC4B9A4} = {1ED78D91-519A-3F78-80B4-BD454DC4B9A4}
		{3E2DCA2C-523E-3386-812D-481CAB5A832E} = {3E2DCA2C-523E-3386-812D-481CAB5A832E}
	EndProjectSection
EndProject
Project("{8BC9CEB8-8B4A-11D0-8D11-00A0C91BC942}") = "asciifile", "plugins\asciifile\asciifile.vcxproj", "{1FF3456E-8E2F-3616-9A2F-E975CAA027A8}"
EndProject
Project("{8BC9CEB8-8B4A-11D0-8D11-00A0C91BC942}") = "align", "plugins\align\align.vcxproj", "{DB0E9C3C-154C-3C88-94DF-6C4D907AD665}"
EndProject
Project("{8BC9CEB8-8B4A-11D0-8D11-00A0C91BC942}") = "divide", "plugins\divide\divide.vcxproj", "{74FEDF8C-E0A0-323B-BD45-CB0A208F16D5}"
EndProject
Project("{8BC9CEB8-8B4A-11D0-8D11-00A0C91BC942}") = "list", "plugins\list\list.vcxproj", "{B34FEED5-D387-3F28-89E4-77A8DC02F76F}"
EndProject
Project("{8BC9CEB8-8B4A-11D0-8D11-00A0C91BC942}") = "sameprop", "plugins\sameprop\sameprop.vcxproj", "{4F7B40CD-361E-350E-85E3-A0C0022A0BD1}"
EndProject
Project("{8BC9CEB8-8B4A-11D0-8D11-00A0C91BC942}") = "importshp", "plugins\importshp\importshp.vcxproj", "{9B36A704-1634-324C-981F-3AE2C8D40603}"
EndProject
Project("{8BC9CEB8-8B4A-11D0-8D11-00A0C91BC942}") = "sample", "plugins\sample\sample.vcxproj", "{04786DCE-2C1B-3682-8CEB-F8EE892476E4}"
EndProject
Project("{8BC9CEB8-8B4A-11D0-8D11-00A0C91BC942}") = "picfile", "plugins\picfile\picfile.vcxproj", "{CB6D33D3-C1E1-350A-8275-24B007C98D12}"
EndProject
Project("{8BC9CEB8-8B4A-11D0-8D11-00A0C91BC942}") = "plotequation", "plugins\plotequation\plotequation.vcxproj", "{74E05CCA-9CC4-3158-A21D-718B1B32BAEA}"
	ProjectSection(ProjectDependencies) = postProject
		{9B7D7EBD-B85B-3055-9279-FEE968702ABC} = {9B7D7EBD-B85B-3055-9279-FEE968702ABC}
	EndProjectSection
EndProject
Project("{8BC9CEB8-8B4A-11D0-8D11-00A0C91BC942}") = "gear", "plugins\gear\gear.vcxproj", "{64D07105-D4A0-3277-8919-3917593C957A}"
EndProject
Global
	GlobalSection(SolutionConfigurationPlatforms) = preSolution
		Debug|Win32 = Debug|Win32
		Release|Win32 = Release|Win32
	EndGlobalSection
	GlobalSection(ProjectConfigurationPlatforms) = postSolution
		{1ED78D91-519A-3F78-80B4-BD454DC4B9A4}.Debug|Win32.ActiveCfg = Debug|Win32
		{1ED78D91-519A-3F78-80B4-BD454DC4B9A4}.Debug|Win32.Build.0 = Debug|Win32
		{1ED78D91-519A-3F78-80B4-BD454DC4B9A4}.Release|Win32.ActiveCfg = Release|Win32
		{1ED78D91-519A-3F78-80B4-BD454DC4B9A4}.Release|Win32.Build.0 = Release|Win32
		{3E2DCA2C-523E-3386-812D-481CAB5A832E}.Debug|Win32.ActiveCfg = Debug|Win32
		{3E2DCA2C-523E-3386-812D-481CAB5A832E}.Debug|Win32.Build.0 = Debug|Win32
		{3E2DCA2C-523E-3386-812D-481CAB5A832E}.Release|Win32.ActiveCfg = Release|Win32
		{3E2DCA2C-523E-3386-812D-481CAB5A832E}.Release|Win32.Build.0 = Release|Win32
		{9B7D7EBD-B85B-3055-9279-FEE968702ABC}.Debug|Win32.ActiveCfg = Debug|Win32
		{9B7D7EBD-B85B-3055-9279-FEE968702ABC}.Debug|Win32.Build.0 = Debug|Win32
		{9B7D7EBD-B85B-3055-9279-FEE968702ABC}.Release|Win32.ActiveCfg = Release|Win32
		{9B7D7EBD-B85B-3055-9279-FEE968702ABC}.Release|Win32.Build.0 = Release|Win32
		{A7AEDB4F-BBB8-3CA9-834A-65315DA9F91C}.Debug|Win32.ActiveCfg = Debug|Win32
		{A7AEDB4F-BBB8-3CA9-834A-65315DA9F91C}.Debug|Win32.Build.0 = Debug|Win32
		{A7AEDB4F-BBB8-3CA9-834A-65315DA9F91C}.Release|Win32.ActiveCfg = Release|Win32
		{A7AEDB4F-BBB8-3CA9-834A-65315DA9F91C}.Release|Win32.Build.0 = Release|Win32
		{1FF3456E-8E2F-3616-9A2F-E975CAA027A8}.Debug|Win32.ActiveCfg = Debug|Win32
		{1FF3456E-8E2F-3616-9A2F-E975CAA027A8}.Debug|Win32.Build.0 = Debug|Win32
		{1FF3456E-8E2F-3616-9A2F-E975CAA027A8}.Release|Win32.ActiveCfg = Release|Win32
		{1FF3456E-8E2F-3616-9A2F-E975CAA027A8}.Release|Win32.Build.0 = Release|Win32
		{DB0E9C3C-154C-3C88-94DF-6C4D907AD665}.Debug|Win32.ActiveCfg = Debug|Win32
		{DB0E9C3C-154C-3C88-94DF-6C4D907AD665}.Debug|Win32.Build.0 = Debug|Win32
		{DB0E9C3C-154C-3C88-94DF-6C4D907AD665}.Release|Win32.ActiveCfg = Release|Win32
		{DB0E9C3C-154C-3C88-94DF-6C4D907AD665}.Release|Win32.Build.0 = Release|Win32
		{74FEDF8C-E0A0-323B-BD45-CB0A208F16D5}.Debug|Win32.ActiveCfg = Debug|Win32
		{74FEDF8C-E0A0-323B-BD45-CB0A208F16D5}.Debug|Win32.Build.0 = Debug|Win32
		{74FEDF8C-E0A0-323B-BD45-CB0A208F16D5}.Release|Win32.ActiveCfg = Release|Win32
		{74FEDF8C-E0A0-323B-BD45-CB0A208F16D5}.Release|Win32.Build.0 = Release|Win32
		{B34FEED5-D387-3F28-89E4-77A8DC02F76F}.Debug|Win32.ActiveCfg = Debug|Win32
		{B34FEED5-D387-3F28-89E4-77A8DC02F76F}.Debug|Win32.Build.0 = Debug|Win32
		{B34FEED5-D387-3F28-89E4-77A8DC02F76F}.Release|Win32.ActiveCfg = Release|Win32
		{B34FEED5-D387-3F28-89E4-77A8DC02F76F}.Release|Win32.Build.0 = Release|Win32
		{4F7B40CD-361E-350E-85E3-A0C0022A0BD1}.Debug|Win32.ActiveCfg = Debug|Win32
		{4F7B40CD-361E-350E-85E3-A0C0022A0BD1}.Debug|Win32.Build.0 = Debug|Win32
		{4F7B40CD-361E-350E-85E3-A0C0022A0BD1}.Release|Win32.ActiveCfg = Release|Win32
		{4F7B40CD-361E-350E-85E3-A0C0022A0BD1}.Release|Win32.Build.0 = Release|Win32
		{9B36A704-1634-324C-981F-3AE2C8D40603}.Debug|Win32.ActiveCfg = Debug|Win32
		{9B36A704-1634-324C-981F-3AE2C8D40603}.Debug|Win32.Build.0 = Debug|Win32
		{9B36A704-1634-324C-981F-3AE2C8D40603}.Release|Win32.ActiveCfg = Release|Win32
		{9B36A704-1634-324C-981F-3AE2C8D40603}.Release|Win32.Build.0 = Release|Win32
		{04786DCE-2C1B-3682-8CEB-F8EE892476E4}.Debug|Win32.ActiveCfg = Debug|Win32
		{04786DCE-2C1B-3682-8CEB-F8EE892476E4}.Debug|Win32.Build.0 = Debug|Win32
		{04786DCE-2C1B-3682-8CEB-F8EE892476E4}.Release|Win32.ActiveCfg = Release|Win32
		{04786DCE-2C1B-3682-8CEB-F8EE892476E4}.Release|Win32.Build.0 = Release|Win32
		{CB6D33D3-C1E1-350A-8275-24B007C98D12}.Debug|Win32.ActiveCfg = Debug|Win32
		{CB6D33D3-C1E1-350A-8275-24B007C98D12}.Debug|Win32.Build.0 = Debug|Win32
		{CB6D33D3-C1E1-350A-8275-24B007C98D12}.Release|Win32.ActiveCfg = Release|Win32
		{CB6D33D3-C1E1-350A-8275-24B007C98D12}.Release|Win32.Build.0 = Release|Win32
		{74E05CCA-9CC4-3158-A21D-718B1B32BAEA}.Debug|Win32.ActiveCfg = Debug|Win32
		{74E05CCA-9CC4-3158-A21D-718B1B32BAEA}.Debug|Win32.Build.0 = Debug|Win32
		{74E05CCA-9CC4-3158-A21D-718B1B32BAEA}.Release|Win32.ActiveCfg = Release|Win32
		{74E05CCA-9CC4-3158-A21D-718B1B32BAEA}.Release|Win32.Build.0 = Release|Win32
		{64D07105-D4A0-3277-8919-3917593C957A}.Debug|Win32.ActiveCfg = Debug|Win32
		{64D07105-D4A0-3277-8919-3917593C957A}.Debug|Win32.Build.0 = Debug|Win32
		{64D07105-D4A0-3277-8919-3917593C957A}.Release|Win32.ActiveCfg = Release|Win32
		{64D07105-D4A0-3277-8919-3917593C957A}.Release|Win32.Build.0 = Release|Win32
	EndGlobalSection
	GlobalSection(SolutionProperties) = preSolution
		HideSolutionNode = FALSE
	EndGlobalSection
	GlobalSection(ExtensibilityGlobals) = postSolution
		Qt5Version = msvc2017
		SolutionGuid = {4177B58F-4826-405C-8955-E121C0637465}
	EndGlobalSection
EndGlobal
