Microsoft Visual Studio Solution File, Format Version 12.00
# Visual Studio 15
Project("{8BC9CEB8-8B4A-11D0-8D11-00A0C91BC942}") = "dxfrw", "C:/Users/shawn.curry/development/LibreCAD/libraries/libdxfrw\dxfrw.vcxproj", "{1ED78D91-519A-3F78-80B4-BD454DC4B9A4}"
EndProject
Project("{8BC9CEB8-8B4A-11D0-8D11-00A0C91BC942}") = "jwwlib", "C:/Users/shawn.curry/development/LibreCAD/libraries/jwwlib\jwwlib.vcxproj", "{3E2DCA2C-523E-3386-812D-481CAB5A832E}"
EndProject
Project("{8BC9CEB8-8B4A-11D0-8D11-00A0C91BC942}") = "muparser", "C:/Users/shawn.curry/development/LibreCAD/libraries/muparser\muparser.vcxproj", "{9B7D7EBD-B85B-3055-9279-FEE968702ABC}"
EndProject
Global
	GlobalSection(SolutionConfigurationPlatforms) = preSolution
		Debug|Win32 = Debug|Win32
		Release|Win32 = Release|Win32
	EndGlobalSection
	GlobalSection(ProjectConfigurationPlatforms) = postSolution
		{1ED78D91-519A-3F78-80B4-BD454DC4B9A4}.Debug|Win32.ActiveCfg = Debug|Win32
		{1ED78D91-519A-3F78-80B4-BD454DC4B9A4}.Debug|Win32.Build.0 = Debug|Win32
		{1ED78D91-519A-3F78-80B4-BD454DC4B9A4}.Release|Win32.ActiveCfg = Release|Win32
		{1ED78D91-519A-3F78-80B4-BD454DC4B9A4}.Release|Win32.Build.0 = Release|Win32
		{3E2DCA2C-523E-3386-812D-481CAB5A832E}.Debug|Win32.ActiveCfg = Debug|Win32
		{3E2DCA2C-523E-3386-812D-481CAB5A832E}.Debug|Win32.Build.0 = Debug|Win32
		{3E2DCA2C-523E-3386-812D-481CAB5A832E}.Release|Win32.ActiveCfg = Release|Win32
		{3E2DCA2C-523E-3386-812D-481CAB5A832E}.Release|Win32.Build.0 = Release|Win32
		{9B7D7EBD-B85B-3055-9279-FEE968702ABC}.Debug|Win32.ActiveCfg = Debug|Win32
		{9B7D7EBD-B85B-3055-9279-FEE968702ABC}.Debug|Win32.Build.0 = Debug|Win32
		{9B7D7EBD-B85B-3055-9279-FEE968702ABC}.Release|Win32.ActiveCfg = Release|Win32
		{9B7D7EBD-B85B-3055-9279-FEE968702ABC}.Release|Win32.Build.0 = Release|Win32
	EndGlobalSection
	GlobalSection(ExtensibilityGlobals) = postSolution
	EndGlobalSection
	GlobalSection(ExtensibilityAddIns) = postSolution
	EndGlobalSection
EndGlobal