<?xml version="1.0" encoding="utf-8"?>
<Project xmlns="http://schemas.microsoft.com/developer/msbuild/2003">
  <ItemGroup>
    <Filter Include="Header Files">
      <UniqueIdentifier>{93995380-89BD-4b04-88EB-625FBE52EBFB}</UniqueIdentifier>
      <Extensions>h;hpp;hxx;hm;inl;inc;xsd</Extensions>
    </Filter>
    <Filter Include="Header Files">
      <UniqueIdentifier>{93995380-89BD-4b04-88EB-625FBE52EBFB}</UniqueIdentifier>
      <Extensions>h;hpp;hxx;hm;inl;inc;xsd</Extensions>
    </Filter>
    <Filter Include="Source Files">
      <UniqueIdentifier>{4FC737F1-C7A5-4376-A066-2A32D752A2FF}</UniqueIdentifier>
      <Extensions>cpp;c;cxx;def;odl;idl;hpj;bat;asm;asmx</Extensions>
    </Filter>
    <Filter Include="Source Files">
      <UniqueIdentifier>{4FC737F1-C7A5-4376-A066-2A32D752A2FF}</UniqueIdentifier>
      <Extensions>cpp;c;cxx;def;odl;idl;hpj;bat;asm;asmx</Extensions>
    </Filter>
  </ItemGroup>
  <ItemGroup>
    <ClCompile Include="src\drw_classes.cpp">
      <Filter>Source Files</Filter>
    </ClCompile>
    <ClCompile Include="src\intern\drw_dbg.cpp">
      <Filter>Source Files</Filter>
    </ClCompile>
    <ClCompile Include="src\drw_entities.cpp">
      <Filter>Source Files</Filter>
    </ClCompile>
    <ClCompile Include="src\drw_header.cpp">
      <Filter>Source Files</Filter>
    </ClCompile>
    <ClCompile Include="src\drw_objects.cpp">
      <Filter>Source Files</Filter>
    </ClCompile>
    <ClCompile Include="src\intern\drw_textcodec.cpp">
      <Filter>Source Files</Filter>
    </ClCompile>
    <ClCompile Include="src\intern\dwgbuffer.cpp">
      <Filter>Source Files</Filter>
    </ClCompile>
    <ClCompile Include="src\intern\dwgreader.cpp">
      <Filter>Source Files</Filter>
    </ClCompile>
    <ClCompile Include="src\intern\dwgreader15.cpp">
      <Filter>Source Files</Filter>
    </ClCompile>
    <ClCompile Include="src\intern\dwgreader18.cpp">
      <Filter>Source Files</Filter>
    </ClCompile>
    <ClCompile Include="src\intern\dwgreader21.cpp">
      <Filter>Source Files</Filter>
    </ClCompile>
    <ClCompile Include="src\intern\dwgreader24.cpp">
      <Filter>Source Files</Filter>
    </ClCompile>
    <ClCompile Include="src\intern\dwgreader27.cpp">
      <Filter>Source Files</Filter>
    </ClCompile>
    <ClCompile Include="src\intern\dwgutil.cpp">
      <Filter>Source Files</Filter>
    </ClCompile>
    <ClCompile Include="src\intern\dxfreader.cpp">
      <Filter>Source Files</Filter>
    </ClCompile>
    <ClCompile Include="src\intern\dxfwriter.cpp">
      <Filter>Source Files</Filter>
    </ClCompile>
    <ClCompile Include="src\libdwgr.cpp">
      <Filter>Source Files</Filter>
    </ClCompile>
    <ClCompile Include="src\libdxfrw.cpp">
      <Filter>Source Files</Filter>
    </ClCompile>
    <ClCompile Include="src\intern\rscodec.cpp">
      <Filter>Source Files</Filter>
    </ClCompile>
  </ItemGroup>
  <ItemGroup>
    <ClInclude Include="src\drw_base.h">
      <Filter>Header Files</Filter>
    </ClInclude>
    <ClInclude Include="src\drw_classes.h">
      <Filter>Header Files</Filter>
    </ClInclude>
    <ClInclude Include="src\intern\drw_cptable932.h">
      <Filter>Header Files</Filter>
    </ClInclude>
    <ClInclude Include="src\intern\drw_cptable936.h">
      <Filter>Header Files</Filter>
    </ClInclude>
    <ClInclude Include="src\intern\drw_cptable949.h">
      <Filter>Header Files</Filter>
    </ClInclude>
    <ClInclude Include="src\intern\drw_cptable950.h">
      <Filter>Header Files</Filter>
    </ClInclude>
    <ClInclude Include="src\intern\drw_cptables.h">
      <Filter>Header Files</Filter>
    </ClInclude>
    <ClInclude Include="src\intern\drw_dbg.h">
      <Filter>Header Files</Filter>
    </ClInclude>
    <ClInclude Include="src\drw_entities.h">
      <Filter>Header Files</Filter>
    </ClInclude>
    <ClInclude Include="src\drw_header.h">
      <Filter>Header Files</Filter>
    </ClInclude>
    <ClInclude Include="src\drw_interface.h">
      <Filter>Header Files</Filter>
    </ClInclude>
    <ClInclude Include="src\drw_objects.h">
      <Filter>Header Files</Filter>
    </ClInclude>
    <ClInclude Include="src\intern\drw_textcodec.h">
      <Filter>Header Files</Filter>
    </ClInclude>
    <ClInclude Include="src\intern\dwgbuffer.h">
      <Filter>Header Files</Filter>
    </ClInclude>
    <ClInclude Include="src\intern\dwgreader.h">
      <Filter>Header Files</Filter>
    </ClInclude>
    <ClInclude Include="src\intern\dwgreader15.h">
      <Filter>Header Files</Filter>
    </ClInclude>
    <ClInclude Include="src\intern\dwgreader18.h">
      <Filter>Header Files</Filter>
    </ClInclude>
    <ClInclude Include="src\intern\dwgreader21.h">
      <Filter>Header Files</Filter>
    </ClInclude>
    <ClInclude Include="src\intern\dwgreader24.h">
      <Filter>Header Files</Filter>
    </ClInclude>
    <ClInclude Include="src\intern\dwgreader27.h">
      <Filter>Header Files</Filter>
    </ClInclude>
    <ClInclude Include="src\intern\dwgutil.h">
      <Filter>Header Files</Filter>
    </ClInclude>
    <ClInclude Include="src\intern\dxfreader.h">
      <Filter>Header Files</Filter>
    </ClInclude>
    <ClInclude Include="src\intern\dxfwriter.h">
      <Filter>Header Files</Filter>
    </ClInclude>
    <ClInclude Include="src\libdwgr.h">
      <Filter>Header Files</Filter>
    </ClInclude>
    <ClInclude Include="src\libdxfrw.h">
      <Filter>Header Files</Filter>
    </ClInclude>
    <ClInclude Include="src\intern\rscodec.h">
      <Filter>Header Files</Filter>
    </ClInclude>
  </ItemGroup>
</Project>